cloud.google.com/go v0.99.0 h1:y/cM2iqGgGi5D5DQZl6D9STN/3dR/Vx5Mp8s752oJTY=
cloud.google.com/go/compute v1.23.0 h1:tP41Zoavr8ptEqaW6j+LQOnyBBhO7OkOMAGrgLopTwY=
cloud.google.com/go/compute/metadata v0.2.3 h1:mg4jlk7mCAj6xXp9UJ4fjI9VUI5rubuGBW5aJ7UnBMY=
cloud.google.com/go/compute/metadata v0.2.3/go.mod h1:VAV5nSsACxMJvgaAuX6Pk2AawlZn8kiOGuCv6gTkwuA=
github.com/cncf/xds/go v0.0.0-20230607035331-e9ce68804cb4 h1:/inchEIKaYC1Akx+H+gqO04wryn5h75LSazbRlnya1k=
github.com/containerd/containerd v1.7.3 h1:cKwYKkP1eTj54bP3wCdXXBymmKRQMrWjkLSWZZJDa8o=
github.com/containerd/containerd v1.7.3/go.mod h1:32FOM4/O0RkNg7AjQj3hDzN9cUGtu+HMvaKUNiqCZB8=
github.com/davecgh/go-spew v1.1.0/go.mod h1:J7Y8YcW2NihsgmVo/mv3lAwl/skON4iLHjSsI+c5H38=
github.com/davecgh/go-spew v1.1.1 h1:vj9j/u1bqnvCEfJOwUhtlOARqs3+rkHYY13jYWTU97c=
github.com/davecgh/go-spew v1.1.1/go.mod h1:J7Y8YcW2NihsgmVo/mv3lAwl/skON4iLHjSsI+c5H38=
github.com/envoyproxy/protoc-gen-validate v1.0.2 h1:QkIBuU5k+x7/QXPvPPnWXWlCdaBFApVqftFV6k087DA=
github.com/go-logr/logr v1.2.2/go.mod h1:jdQByPbusPIv2/zmleS9BjJVeZ6kBagPoEUsqbVz/1A=
github.com/go-logr/logr v1.2.4 h1:g01GSCwiDw2xSZfjJ2/T9M+S6pFdcNtFYsp+Y43HYDQ=
github.com/go-logr/logr v1.2.4/go.mod h1:jdQByPbusPIv2/zmleS9BjJVeZ6kBagPoEUsqbVz/1A=
github.com/go-logr/stdr v1.2.2 h1:hSWxHoqTgW2S2qGc0LTAI563KZ5YKYRhT3MFKZMbjag=
github.com/go-logr/stdr v1.2.2/go.mod h1:mMo/vtBO5dYbehREoey6XUKy/eSumjCCveDpRre4VKE=
github.com/golang/protobuf v1.5.0/go.mod h1:FsONVRAS9T7sI+LIUmWTfcYkHO4aIWwzhcaSAoJOfIk=
github.com/golang/protobuf v1.5.3 h1:KhyjKVUg7Usr/dYsdSqoFveMYd5ko72D+zANwlG1mmg=
github.com/golang/protobuf v1.5.3/go.mod h1:XVQd3VNwM+JqD3oG2Ue2ip4fOMUkwXdXDdiuN0vRsmY=
github.com/google/go-cmp v0.5.5/go.mod h1:v8dTdLbMG2kIc/vJvl+f65V22dbkXbowE6jgT/gNBxE=
github.com/google/go-cmp v0.5.9 h1:O2Tfq5qg4qc4AmwVlvv0oLiVAGB7enBSJ2x2DqQFi38=
github.com/openzipkin/zipkin-go v0.4.1 h1:kNd/ST2yLLWhaWrkgchya40TJabe8Hioj9udfPcEO5A=
github.com/openzipkin/zipkin-go v0.4.1/go.mod h1:qY0VqDSN1pOBN94dBc6w2GJlWLiovAyg7Qt6/I9HecM=
github.com/pmezard/go-difflib v1.0.0 h1:4DBwDE0NGyQoBHbLQYPwSUPoCMWR5BEzIk/f1lZbAQM=
github.com/pmezard/go-difflib v1.0.0/go.mod h1:iKH77koFhYxTK1pcRnkKkqfTogsbg7gZNVY4sRDYZ/4=
github.com/sirupsen/logrus v1.9.3 h1:dueUQJ1C2q9oE3F7wvmSGAaVtTmUizReu6fjN8uqzbQ=
github.com/sirupsen/logrus v1.9.3/go.mod h1:naHLuLoDiP4jHNo9R0sCBMtWGeIprob74mVsIT4qYEQ=
github.com/stretchr/objx v0.1.0/go.mod h1:HFkY916IF+rwdDfMAkV7OtwuqBVzrE8GR6GFx+wExME=
github.com/stretchr/testify v1.7.0/go.mod h1:6Fq8oRcR53rry900zMqJjRRixrwX3KX962/h/Wwjteg=
github.com/stretchr/testify v1.8.3 h1:RP3t2pwF7cMEbC1dqtB6poj3niw/9gnV4Cjg5oW5gtY=
github.com/vhive-serverless/vSwarm-proto v0.5.0 h1:EWPD0xTs1XkBerTQVsQ9sFJSOyCUKOu7Y3L9AftuLow=
github.com/vhive-serverless/vSwarm-proto v0.5.0/go.mod h1:bUm7QUFkBnFNVhbG7PHWRNT5tXRFXR9WEkfIGE82o+0=
github.com/vhive-serverless/vSwarm/utils/tracing/go v0.0.0-20230802102142-dbfda39fc27c h1:0L9juHUbckOfUPyEtfRMZRUiLbpOE446PGz0i4nl8p4=
github.com/vhive-serverless/vSwarm/utils/tracing/go v0.0.0-20230802102142-dbfda39fc27c/go.mod h1:rShQ4wy7Rpv9/9GolKSeNbCZ2dtmLmo5k/YNO/n3m0o=
go.opentelemetry.io/contrib/instrumentation/google.golang.org/grpc/otelgrpc v0.42.0 h1:ZOLJc06r4CB42laIXg/7udr0pbZyuAihN10A/XuiQRY=
go.opentelemetry.io/contrib/instrumentation/google.golang.org/grpc/otelgrpc v0.42.0/go.mod h1:5z+/ZWJQKXa9YT34fQNx5K8Hd1EoIhvtUygUQPqEOgQ=
go.opentelemetry.io/otel v1.16.0 h1:Z7GVAX/UkAXPKsy94IU+i6thsQS4nb7LviLpnaNeW8s=
go.opentelemetry.io/otel v1.16.0/go.mod h1:vl0h9NUa1D5s1nv3A5vZOYWn8av4K8Ml6JDeHrT/bx4=
go.opentelemetry.io/otel/exporters/zipkin v1.8.0 h1:PIAiDdROZzATAFfxr5ASYuSOG0JIJxRq3GwlpJGbSYQ=
go.opentelemetry.io/otel/exporters/zipkin v1.8.0/go.mod h1:0uYAyCuGT67MFV9Z/Mmx93wGuugHw0FbxMc74fs3LNo=
go.opentelemetry.io/otel/metric v1.16.0 h1:RbrpwVG1Hfv85LgnZ7+txXioPDoh6EdbZHo26Q3hqOo=
go.opentelemetry.io/otel/metric v1.16.0/go.mod h1:QE47cpOmkwipPiefDwo2wDzwJrlfxxNYodqc4xnGCo4=
go.opentelemetry.io/otel/sdk v1.14.0 h1:PDCppFRDq8A1jL9v6KMI6dYesaq+DFcDZvjsoGvxGzY=
go.opentelemetry.io/otel/sdk v1.14.0/go.mod h1:bwIC5TjrNG6QDCHNWvW4HLHtUQ4I+VQDsnjhvyZCALM=
go.opentelemetry.io/otel/trace v1.16.0 h1:8JRpaObFoW0pxuVPapkgH8UhHQj+bJW8jJsCZEu5MQs=
go.opentelemetry.io/otel/trace v1.16.0/go.mod h1:Yt9vYq1SdNz3xdjZZK7wcXv1qv2pwLkqr2QVwea0ef0=
golang.org/x/net v0.17.0 h1:pVaXccu2ozPjCXewfr1S7xza/zcXTity9cCdXQYSjIM=
golang.org/x/net v0.17.0/go.mod h1:NxSsAGuq816PNPmqtQdLE42eU2Fs7NoRIZrHJAlaCOE=
golang.org/x/oauth2 v0.13.0 h1:jDDenyj+WgFtmV3zYVoi8aE2BwtXFLWOA67ZfNWftiY=
golang.org/x/sys v0.0.0-20220715151400-c0bba94af5f8/go.mod h1:oPkhp1MJrh7nUepCBck5+mAzfO9JrbApNNgaTdGDITg=
golang.org/x/sys v0.13.0 h1:Af8nKPmuFypiUBjVoU9V20FiaFXOcuZI21p0ycVYYGE=
golang.org/x/sys v0.13.0/go.mod h1:oPkhp1MJrh7nUepCBck5+mAzfO9JrbApNNgaTdGDITg=
golang.org/x/text v0.13.0 h1:ablQoSUd0tRdKxZewP80B+BaqeKJuVhuRxj/dkrun3k=
golang.org/x/text v0.13.0/go.mod h1:TvPlkZtksWOMsz7fbANvkp4WM8x/WCo/om8BMLbz+aE=
golang.org/x/xerrors v0.0.0-20191204190536-9bdfabe68543/go.mod h1:I/5z698sn9Ka8TeJc9MKroUUfqBBauWjQqLJ2OPfmY0=
google.golang.org/appengine v1.6.8 h1:IhEN5q69dyKagZPYMSdIjS2HqprW324FRQZJcGqPAsM=
google.golang.org/genproto/googleapis/rpc v0.0.0-20231002182017-d307bd883b97 h1:6GQBEOdGkX6MMTLT9V+TjtIRZCw9VPD5Z+yHY9wMgS0=
google.golang.org/genproto/googleapis/rpc v0.0.0-20231002182017-d307bd883b97/go.mod h1:v7nGkzlmW8P3n/bKmWBn2WpBjpOEx8Q6gMueudAmKfY=
google.golang.org/grpc v1.60.0 h1:6FQAR0kM31P6MRdeluor2w2gPaS4SVNrD/DNTxrQ15k=
google.golang.org/grpc v1.60.0/go.mod h1:OlCHIeLYqSSsLi6i49B5QGdzaMZK9+M7LXN2FKz4eGM=
google.golang.org/protobuf v1.26.0-rc.1/go.mod h1:jlhhOSvTdKEhbULTjvd4ARK9grFBp09yW+WbY/TyQbw=
google.golang.org/protobuf v1.26.0/go.mod h1:9q0QmTI4eRPtz6boOQmLYwt+qCgq0jsYwAQnmE0givc=
google.golang.org/protobuf v1.31.0 h1:g0LDEJHgrBl9N9r17Ru3sqWhkIx2NB67okBHPwC7hs8=
google.golang.org/protobuf v1.31.0/go.mod h1:HV8QOd/L58Z+nl8r43ehVNZIU/HEI6OcFqwMG9pJV4I=
gopkg.in/check.v1 v0.0.0-20161208181325-20d25e280405/go.mod h1:Co6ibVJAznAaIkqp8huTwlJQCZ016jof/cbN4VW5Yz0=
gopkg.in/yaml.v3 v3.0.0-20200313102051-9f266ea9e77c/go.mod h1:K4uyk7z7BCEPqu6E+C64Yfv1cQ7kz7rIZviUmN+EgEM=
gopkg.in/yaml.v3 v3.0.1 h1:fxVm/GzAzEWqLHuvctI91KS9hhNmmWOoWu0XTYJS7CA=
